
Microsoft Visual Studio Solution File, Format Version 12.00
# Visual Studio Version 17
VisualStudioVersion = 17.0.31717.71
MinimumVisualStudioVersion = 10.0.40219.1
Project("{FAE04EC0-301F-11D3-BF4B-00C04F79EFBC}") = "VedasPortal", "VedasPortal\VedasPortal.csproj", "{3739D700-B9C3-44FF-9059-9BEB04C25C9C}"
EndProject
Global
	GlobalSection(SolutionConfigurationPlatforms) = preSolution
		Debug|Any CPU = Debug|Any CPU
		Release|Any CPU = Release|Any CPU
	EndGlobalSection
	GlobalSection(ProjectConfigurationPlatforms) = postSolution
		{3739D700-B9C3-44FF-9059-9BEB04C25C9C}.Debug|Any CPU.ActiveCfg = Debug|Any CPU
		{3739D700-B9C3-44FF-9059-9BEB04C25C9C}.Debug|Any CPU.Build.0 = Debug|Any CPU
		{3739D700-B9C3-44FF-9059-9BEB04C25C9C}.Release|Any CPU.ActiveCfg = Release|Any CPU
		{3739D700-B9C3-44FF-9059-9BEB04C25C9C}.Release|Any CPU.Build.0 = Release|Any CPU
	EndGlobalSection
	GlobalSection(SolutionProperties) = preSolution
		HideSolutionNode = FALSE
	EndGlobalSection
	GlobalSection(ExtensibilityGlobals) = postSolution
		SolutionGuid = {1B86D0E3-D331-447C-BE3D-A843FFBADD49}
	EndGlobalSection
EndGlobal
